
Microsoft Visual Studio Solution File, Format Version 12.00
# Visual Studio Version 17
VisualStudioVersion = 17.11.35327.3
MinimumVisualStudioVersion = 10.0.40219.1
Project("{FAE04EC0-301F-11D3-BF4B-00C04F79EFBC}") = "CrudAvaliativoTechClass", "CrudAvaliativoTechClass\CrudAvaliativoTechClass.csproj", "{298226BF-98EB-47F3-857E-6DAA07774370}"
EndProject
Global
	GlobalSection(SolutionConfigurationPlatforms) = preSolution
		Debug|Any CPU = Debug|Any CPU
		Release|Any CPU = Release|Any CPU
	EndGlobalSection
	GlobalSection(ProjectConfigurationPlatforms) = postSolution
		{298226BF-98EB-47F3-857E-6DAA07774370}.Debug|Any CPU.ActiveCfg = Debug|Any CPU
		{298226BF-98EB-47F3-857E-6DAA07774370}.Debug|Any CPU.Build.0 = Debug|Any CPU
		{298226BF-98EB-47F3-857E-6DAA07774370}.Release|Any CPU.ActiveCfg = Release|Any CPU
		{298226BF-98EB-47F3-857E-6DAA07774370}.Release|Any CPU.Build.0 = Release|Any CPU
	EndGlobalSection
	GlobalSection(SolutionProperties) = preSolution
		HideSolutionNode = FALSE
	EndGlobalSection
	GlobalSection(ExtensibilityGlobals) = postSolution
		SolutionGuid = {BB581B26-F40C-4116-9CD5-487BBF16D038}
	EndGlobalSection
EndGlobal
